// !$*UTF8*$!
{
	archiveVersion = 1;
	classes = {
	};
	objectVersion = 50;
	objects = {

/* Begin PBXBuildFile section */
		4F6123832346507200F4BDC1 /* Binary_Team_Question_8.c in Sources */ = {isa = PBXBuildFile; fileRef = 4F6123822346507200F4BDC1 /* Binary_Team_Question_8.c */; };
		6D9466BD2345723900A2E02A /* forloop.c in Sources */ = {isa = PBXBuildFile; fileRef = 6D9466BC2345723900A2E02A /* forloop.c */; };
		6D9466BF2345724300A2E02A /* ifelse.c in Sources */ = {isa = PBXBuildFile; fileRef = 6D9466BE2345724300A2E02A /* ifelse.c */; };
		6DD934FC2344FBD7004123FB /* main.c in Sources */ = {isa = PBXBuildFile; fileRef = 6DD934FB2344FBD7004123FB /* main.c */; };
		7FFC0FC7234799A4001E43FD /* ControlFlowOperators.c in Sources */ = {isa = PBXBuildFile; fileRef = 7FFC0FC6234799A4001E43FD /* ControlFlowOperators.c */; };
		821A16D8234655A3001EF0E0 /* projqs.c in Sources */ = {isa = PBXBuildFile; fileRef = 821A16D7234655A3001EF0E0 /* projqs.c */; };
		92A157CA234B902500BE415C /* conversion.c in Sources */ = {isa = PBXBuildFile; fileRef = 92A157C9234B902500BE415C /* conversion.c */; };
		A5E141082347D99E00A09A90 /* structuresmc.c in Sources */ = {isa = PBXBuildFile; fileRef = A5E141072347D99E00A09A90 /* structuresmc.c */; };
		E5DDBCFA23479E4900A7196C /* operatorsrl.c in Sources */ = {isa = PBXBuildFile; fileRef = E5DDBCF923479E4900A7196C /* operatorsrl.c */; };
/* End PBXBuildFile section */

/* Begin PBXCopyFilesBuildPhase section */
		6DD934F62344FBD7004123FB /* CopyFiles */ = {
			isa = PBXCopyFilesBuildPhase;
			buildActionMask = 2147483647;
			dstPath = /usr/share/man/man1/;
			dstSubfolderSpec = 0;
			files = (
			);
			runOnlyForDeploymentPostprocessing = 1;
		};
/* End PBXCopyFilesBuildPhase section */

/* Begin PBXFileReference section */
		4F6123822346507200F4BDC1 /* Binary_Team_Question_8.c */ = {isa = PBXFileReference; lastKnownFileType = sourcecode.c.c; path = Binary_Team_Question_8.c; sourceTree = "<group>"; };
		6D9466BC2345723900A2E02A /* forloop.c */ = {isa = PBXFileReference; fileEncoding = 4; lastKnownFileType = sourcecode.c.c; path = forloop.c; sourceTree = "<group>"; };
		6D9466BE2345724300A2E02A /* ifelse.c */ = {isa = PBXFileReference; fileEncoding = 4; lastKnownFileType = sourcecode.c.c; path = ifelse.c; sourceTree = "<group>"; };
		6D9466C02345725200A2E02A /* testqs.h */ = {isa = PBXFileReference; lastKnownFileType = sourcecode.c.h; path = testqs.h; sourceTree = "<group>"; };
		6DD934F82344FBD7004123FB /* MidTermTest2 */ = {isa = PBXFileReference; explicitFileType = "compiled.mach-o.executable"; includeInIndex = 0; path = MidTermTest2; sourceTree = BUILT_PRODUCTS_DIR; };
		6DD934FB2344FBD7004123FB /* main.c */ = {isa = PBXFileReference; lastKnownFileType = sourcecode.c.c; path = main.c; sourceTree = "<group>"; };
		7FFC0FC6234799A4001E43FD /* ControlFlowOperators.c */ = {isa = PBXFileReference; lastKnownFileType = sourcecode.c.c; path = ControlFlowOperators.c; sourceTree = "<group>"; };
		821A16D7234655A3001EF0E0 /* projqs.c */ = {isa = PBXFileReference; lastKnownFileType = sourcecode.c.c; path = projqs.c; sourceTree = "<group>"; };
		92A157C9234B902500BE415C /* conversion.c */ = {isa = PBXFileReference; lastKnownFileType = sourcecode.c.c; path = conversion.c; sourceTree = "<group>"; };
		A5E141072347D99E00A09A90 /* structuresmc.c */ = {isa = PBXFileReference; lastKnownFileType = sourcecode.c.c; path = structuresmc.c; sourceTree = "<group>"; };
		E5DDBCF923479E4900A7196C /* operatorsrl.c */ = {isa = PBXFileReference; lastKnownFileType = sourcecode.c.c; path = operatorsrl.c; sourceTree = "<group>"; };
/* End PBXFileReference section */

/* Begin PBXFrameworksBuildPhase section */
		6DD934F52344FBD7004123FB /* Frameworks */ = {
			isa = PBXFrameworksBuildPhase;
			buildActionMask = 2147483647;
			files = (
			);
			runOnlyForDeploymentPostprocessing = 0;
		};
/* End PBXFrameworksBuildPhase section */

/* Begin PBXGroup section */
		6D9466C12345726B00A2E02A /* TestQs */ = {
			isa = PBXGroup;
			children = (
				6D9466C02345725200A2E02A /* testqs.h */,
				6D9466BC2345723900A2E02A /* forloop.c */,
				6D9466BE2345724300A2E02A /* ifelse.c */,
				821A16D7234655A3001EF0E0 /* projqs.c */,
				4F6123822346507200F4BDC1 /* Binary_Team_Question_8.c */,
				7FFC0FC6234799A4001E43FD /* ControlFlowOperators.c */,
				E5DDBCF923479E4900A7196C /* operatorsrl.c */,
				A5E141072347D99E00A09A90 /* structuresmc.c */,
				92A157C9234B902500BE415C /* conversion.c */,
			);
			path = TestQs;
			sourceTree = "<group>";
		};
		6DD934EF2344FBD7004123FB = {
			isa = PBXGroup;
			children = (
				6DD934FA2344FBD7004123FB /* MidTermTest2 */,
				6DD934F92344FBD7004123FB /* Products */,
			);
			sourceTree = "<group>";
		};
		6DD934F92344FBD7004123FB /* Products */ = {
			isa = PBXGroup;
			children = (
				6DD934F82344FBD7004123FB /* MidTermTest2 */,
			);
			name = Products;
			sourceTree = "<group>";
		};
		6DD934FA2344FBD7004123FB /* MidTermTest2 */ = {
			isa = PBXGroup;
			children = (
				6DD934FB2344FBD7004123FB /* main.c */,
				6D9466C12345726B00A2E02A /* TestQs */,
			);
			path = MidTermTest2;
			sourceTree = "<group>";
		};
/* End PBXGroup section */

/* Begin PBXNativeTarget section */
		6DD934F72344FBD7004123FB /* MidTermTest2 */ = {
			isa = PBXNativeTarget;
			buildConfigurationList = 6DD934FF2344FBD7004123FB /* Build configuration list for PBXNativeTarget "MidTermTest2" */;
			buildPhases = (
				6DD934F42344FBD7004123FB /* Sources */,
				6DD934F52344FBD7004123FB /* Frameworks */,
				6DD934F62344FBD7004123FB /* CopyFiles */,
			);
			buildRules = (
			);
			dependencies = (
			);
			name = MidTermTest2;
			productName = MidTermTest2;
			productReference = 6DD934F82344FBD7004123FB /* MidTermTest2 */;
			productType = "com.apple.product-type.tool";
		};
/* End PBXNativeTarget section */

/* Begin PBXProject section */
		6DD934F02344FBD7004123FB /* Project object */ = {
			isa = PBXProject;
			attributes = {
				LastUpgradeCheck = 1030;
				ORGANIZATIONNAME = "Huynh, Kaitlyn";
				TargetAttributes = {
					6DD934F72344FBD7004123FB = {
						CreatedOnToolsVersion = 10.3;
					};
				};
			};
			buildConfigurationList = 6DD934F32344FBD7004123FB /* Build configuration list for PBXProject "MidTermTest2" */;
			compatibilityVersion = "Xcode 9.3";
			developmentRegion = en;
			hasScannedForEncodings = 0;
			knownRegions = (
				en,
			);
			mainGroup = 6DD934EF2344FBD7004123FB;
			productRefGroup = 6DD934F92344FBD7004123FB /* Products */;
			projectDirPath = "";
			projectRoot = "";
			targets = (
				6DD934F72344FBD7004123FB /* MidTermTest2 */,
			);
		};
/* End PBXProject section */

/* Begin PBXSourcesBuildPhase section */
		6DD934F42344FBD7004123FB /* Sources */ = {
			isa = PBXSourcesBuildPhase;
			buildActionMask = 2147483647;
			files = (
				E5DDBCFA23479E4900A7196C /* operatorsrl.c in Sources */,
				821A16D8234655A3001EF0E0 /* projqs.c in Sources */,
				7FFC0FC7234799A4001E43FD /* ControlFlowOperators.c in Sources */,
				A5E141082347D99E00A09A90 /* structuresmc.c in Sources */,
				6DD934FC2344FBD7004123FB /* main.c in Sources */,
				6D9466BF2345724300A2E02A /* ifelse.c in Sources */,
				4F6123832346507200F4BDC1 /* Binary_Team_Question_8.c in Sources */,
				92A157CA234B902500BE415C /* conversion.c in Sources */,
				6D9466BD2345723900A2E02A /* forloop.c in Sources */,
			);
			runOnlyForDeploymentPostprocessing = 0;
		};
/* End PBXSourcesBuildPhase section */

/* Begin XCBuildConfiguration section */
		6DD934FD2344FBD7004123FB /* Debug */ = {
			isa = XCBuildConfiguration;
			buildSettings = {
				ALWAYS_SEARCH_USER_PATHS = NO;
				CLANG_ANALYZER_NONNULL = YES;
				CLANG_ANALYZER_NUMBER_OBJECT_CONVERSION = YES_AGGRESSIVE;
				CLANG_CXX_LANGUAGE_STANDARD = "gnu++14";
				CLANG_CXX_LIBRARY = "libc++";
				CLANG_ENABLE_MODULES = YES;
				CLANG_ENABLE_OBJC_ARC = YES;
				CLANG_ENABLE_OBJC_WEAK = YES;
				CLANG_WARN_BLOCK_CAPTURE_AUTORELEASING = YES;
				CLANG_WARN_BOOL_CONVERSION = YES;
				CLANG_WARN_COMMA = YES;
				CLANG_WARN_CONSTANT_CONVERSION = YES;
				CLANG_WARN_DEPRECATED_OBJC_IMPLEMENTATIONS = YES;
				CLANG_WARN_DIRECT_OBJC_ISA_USAGE = YES_ERROR;
				CLANG_WARN_DOCUMENTATION_COMMENTS = YES;
				CLANG_WARN_EMPTY_BODY = YES;
				CLANG_WARN_ENUM_CONVERSION = YES;
				CLANG_WARN_INFINITE_RECURSION = YES;
				CLANG_WARN_INT_CONVERSION = YES;
				CLANG_WARN_NON_LITERAL_NULL_CONVERSION = YES;
				CLANG_WARN_OBJC_IMPLICIT_RETAIN_SELF = YES;
				CLANG_WARN_OBJC_LITERAL_CONVERSION = YES;
				CLANG_WARN_OBJC_ROOT_CLASS = YES_ERROR;
				CLANG_WARN_RANGE_LOOP_ANALYSIS = YES;
				CLANG_WARN_STRICT_PROTOTYPES = YES;
				CLANG_WARN_SUSPICIOUS_MOVE = YES;
				CLANG_WARN_UNGUARDED_AVAILABILITY = YES_AGGRESSIVE;
				CLANG_WARN_UNREACHABLE_CODE = YES;
				CLANG_WARN__DUPLICATE_METHOD_MATCH = YES;
				CODE_SIGN_IDENTITY = "-";
				COPY_PHASE_STRIP = NO;
				DEBUG_INFORMATION_FORMAT = dwarf;
				ENABLE_STRICT_OBJC_MSGSEND = YES;
				ENABLE_TESTABILITY = YES;
				GCC_C_LANGUAGE_STANDARD = gnu11;
				GCC_DYNAMIC_NO_PIC = NO;
				GCC_NO_COMMON_BLOCKS = YES;
				GCC_OPTIMIZATION_LEVEL = 0;
				GCC_PREPROCESSOR_DEFINITIONS = (
					"DEBUG=1",
					"$(inherited)",
				);
				GCC_WARN_64_TO_32_BIT_CONVERSION = YES;
				GCC_WARN_ABOUT_RETURN_TYPE = YES_ERROR;
				GCC_WARN_UNDECLARED_SELECTOR = YES;
				GCC_WARN_UNINITIALIZED_AUTOS = YES_AGGRESSIVE;
				GCC_WARN_UNUSED_FUNCTION = YES;
				GCC_WARN_UNUSED_VARIABLE = YES;
				MACOSX_DEPLOYMENT_TARGET = 10.14;
				MTL_ENABLE_DEBUG_INFO = INCLUDE_SOURCE;
				MTL_FAST_MATH = YES;
				ONLY_ACTIVE_ARCH = YES;
				SDKROOT = macosx;
			};
			name = Debug;
		};
		6DD934FE2344FBD7004123FB /* Release */ = {
			isa = XCBuildConfiguration;
			buildSettings = {
				ALWAYS_SEARCH_USER_PATHS = NO;
				CLANG_ANALYZER_NONNULL = YES;
				CLANG_ANALYZER_NUMBER_OBJECT_CONVERSION = YES_AGGRESSIVE;
				CLANG_CXX_LANGUAGE_STANDARD = "gnu++14";
				CLANG_CXX_LIBRARY = "libc++";
				CLANG_ENABLE_MODULES = YES;
				CLANG_ENABLE_OBJC_ARC = YES;
				CLANG_ENABLE_OBJC_WEAK = YES;
				CLANG_WARN_BLOCK_CAPTURE_AUTORELEASING = YES;
				CLANG_WARN_BOOL_CONVERSION = YES;
				CLANG_WARN_COMMA = YES;
				CLANG_WARN_CONSTANT_CONVERSION = YES;
				CLANG_WARN_DEPRECATED_OBJC_IMPLEMENTATIONS = YES;
				CLANG_WARN_DIRECT_OBJC_ISA_USAGE = YES_ERROR;
				CLANG_WARN_DOCUMENTATION_COMMENTS = YES;
				CLANG_WARN_EMPTY_BODY = YES;
				CLANG_WARN_ENUM_CONVERSION = YES;
				CLANG_WARN_INFINITE_RECURSION = YES;
				CLANG_WARN_INT_CONVERSION = YES;
				CLANG_WARN_NON_LITERAL_NULL_CONVERSION = YES;
				CLANG_WARN_OBJC_IMPLICIT_RETAIN_SELF = YES;
				CLANG_WARN_OBJC_LITERAL_CONVERSION = YES;
				CLANG_WARN_OBJC_ROOT_CLASS = YES_ERROR;
				CLANG_WARN_RANGE_LOOP_ANALYSIS = YES;
				CLANG_WARN_STRICT_PROTOTYPES = YES;
				CLANG_WARN_SUSPICIOUS_MOVE = YES;
				CLANG_WARN_UNGUARDED_AVAILABILITY = YES_AGGRESSIVE;
				CLANG_WARN_UNREACHABLE_CODE = YES;
				CLANG_WARN__DUPLICATE_METHOD_MATCH = YES;
				CODE_SIGN_IDENTITY = "-";
				COPY_PHASE_STRIP = NO;
				DEBUG_INFORMATION_FORMAT = "dwarf-with-dsym";
				ENABLE_NS_ASSERTIONS = NO;
				ENABLE_STRICT_OBJC_MSGSEND = YES;
				GCC_C_LANGUAGE_STANDARD = gnu11;
				GCC_NO_COMMON_BLOCKS = YES;
				GCC_WARN_64_TO_32_BIT_CONVERSION = YES;
				GCC_WARN_ABOUT_RETURN_TYPE = YES_ERROR;
				GCC_WARN_UNDECLARED_SELECTOR = YES;
				GCC_WARN_UNINITIALIZED_AUTOS = YES_AGGRESSIVE;
				GCC_WARN_UNUSED_FUNCTION = YES;
				GCC_WARN_UNUSED_VARIABLE = YES;
				MACOSX_DEPLOYMENT_TARGET = 10.14;
				MTL_ENABLE_DEBUG_INFO = NO;
				MTL_FAST_MATH = YES;
				SDKROOT = macosx;
			};
			name = Release;
		};
		6DD935002344FBD7004123FB /* Debug */ = {
			isa = XCBuildConfiguration;
			buildSettings = {
				CODE_SIGN_STYLE = Automatic;
				PRODUCT_NAME = "$(TARGET_NAME)";
			};
			name = Debug;
		};
		6DD935012344FBD7004123FB /* Release */ = {
			isa = XCBuildConfiguration;
			buildSettings = {
				CODE_SIGN_STYLE = Automatic;
				PRODUCT_NAME = "$(TARGET_NAME)";
			};
			name = Release;
		};
/* End XCBuildConfiguration section */

/* Begin XCConfigurationList section */
		6DD934F32344FBD7004123FB /* Build configuration list for PBXProject "MidTermTest2" */ = {
			isa = XCConfigurationList;
			buildConfigurations = (
				6DD934FD2344FBD7004123FB /* Debug */,
				6DD934FE2344FBD7004123FB /* Release */,
			);
			defaultConfigurationIsVisible = 0;
			defaultConfigurationName = Release;
		};
		6DD934FF2344FBD7004123FB /* Build configuration list for PBXNativeTarget "MidTermTest2" */ = {
			isa = XCConfigurationList;
			buildConfigurations = (
				6DD935002344FBD7004123FB /* Debug */,
				6DD935012344FBD7004123FB /* Release */,
			);
			defaultConfigurationIsVisible = 0;
			defaultConfigurationName = Release;
		};
/* End XCConfigurationList section */
	};
	rootObject = 6DD934F02344FBD7004123FB /* Project object */;
}
